{
  "version": 4,
  "terraform_version": "0.14.7",
  "serial": 20,
  "lineage": "f76a1707-a870-4a64-15a6-93a7e6fd7579",
  "outputs": {},
  "resources": [
    {
      "mode": "data",
      "type": "aws_route53_zone",
      "name": "root_zone",
      "provider": "provider[\"registry.terraform.io/hashicorp/aws\"]",
      "instances": [
        {
          "schema_version": 0,
          "attributes": {
            "arn": "arn:aws:route53:::hostedzone/Z2CYVWQGVIX8W6",
            "caller_reference": "RISWorkflow-aa5adcf78d16d619ed54f6da63b17a80",
            "comment": "HostedZone created by Route53 Registrar",
            "id": "Z2CYVWQGVIX8W6",
            "linked_service_description": null,
            "linked_service_principal": null,
            "name": "stokedconsulting.com",
            "name_servers": [
              "ns-67.awsdns-08.com",
              "ns-1941.awsdns-50.co.uk",
              "ns-827.awsdns-39.net",
              "ns-1260.awsdns-29.org"
            ],
            "private_zone": false,
            "resource_record_set_count": 8,
            "tags": {},
            "vpc_id": null,
            "zone_id": "Z2CYVWQGVIX8W6"
          },
          "sensitive_attributes": []
        }
      ]
    },
    {
      "mode": "managed",
      "type": "aws_dynamodb_table",
      "name": "terraform_lock",
      "provider": "provider[\"registry.terraform.io/hashicorp/aws\"]",
      "instances": [
        {
          "schema_version": 1,
          "attributes": {
            "arn": "arn:aws:dynamodb:us-east-1:883859713095:table/sdlc-terraform-lock",
            "attribute": [
              {
                "name": "LockID",
                "type": "S"
              }
            ],
            "billing_mode": "PROVISIONED",
            "global_secondary_index": [],
            "hash_key": "LockID",
            "id": "sdlc-terraform-lock",
            "local_secondary_index": [],
            "name": "sdlc-terraform-lock",
            "point_in_time_recovery": [
              {
                "enabled": false
              }
            ],
            "range_key": null,
            "read_capacity": 1,
            "replica": [],
            "server_side_encryption": [],
            "stream_arn": "",
            "stream_enabled": false,
            "stream_label": "",
            "stream_view_type": "",
            "tags": {},
            "tags_all": {
              "Environment": "sdlc-aws",
              "Service": "infrastructure"
            },
            "timeouts": null,
            "ttl": [
              {
                "attribute_name": "",
                "enabled": false,
                "kms_key_arn": ""
              }
            ],
            "write_capacity": 1
          },
          "sensitive_attributes": [],
          "private": "eyJlMmJmYjczMC1lY2FhLTExZTYtOGY4OC0zNDM2M2JjN2M0YzAiOnsiY3JlYXRlIjoxMjAwMDAwMDAwMDAwLCJkZWxldGUiOjYwMDAwMDAwMDAwMCwidXBkYXRlIjozNjAwMDAwMDAwMDAwfSwic2NoZW1hX3ZlcnNpb24iOiIxIn0="
        }
      ]
    },
    {
      "mode": "managed",
      "type": "aws_route53_zone",
      "name": "route53_sub_zone",
      "provider": "provider[\"registry.terraform.io/hashicorp/aws\"]",
      "instances": [
        {
          "schema_version": 0,
          "attributes": {
            "arn": "arn:aws:route53:::hostedzone/Z0091545U2G0LQPBIJK7",
            "comment": "Managed by Terraform",
            "delegation_set_id": "",
            "force_destroy": false,
            "id": "Z0091545U2G0LQPBIJK7",
            "name": "sdlc.stokedconsulting.com",
            "name_servers": [
              "ns-111.awsdns-13.com",
              "ns-1224.awsdns-25.org",
              "ns-1622.awsdns-10.co.uk",
              "ns-842.awsdns-41.net"
            ],
            "tags": null,
            "tags_all": {
              "Environment": "sdlc-aws",
              "Service": "infrastructure"
            },
            "vpc": [],
            "zone_id": "Z0091545U2G0LQPBIJK7"
          },
          "sensitive_attributes": [],
          "private": "bnVsbA=="
        }
      ]
    },
    {
      "mode": "managed",
      "type": "aws_s3_bucket",
      "name": "terraform_state",
      "provider": "provider[\"registry.terraform.io/hashicorp/aws\"]",
      "instances": [
        {
          "schema_version": 0,
          "attributes": {
            "acceleration_status": "",
            "acl": "private",
            "arn": "arn:aws:s3:::sdlc-terraform-lock",
            "bucket": "sdlc-terraform-lock",
            "bucket_domain_name": "sdlc-terraform-lock.s3.amazonaws.com",
            "bucket_prefix": null,
            "bucket_regional_domain_name": "sdlc-terraform-lock.s3.amazonaws.com",
            "cors_rule": [],
            "force_destroy": false,
            "grant": [],
            "hosted_zone_id": "Z3AQBSTGFYJSTF",
            "id": "sdlc-terraform-lock",
            "lifecycle_rule": [],
            "logging": [],
            "object_lock_configuration": [],
            "policy": null,
            "region": "us-east-1",
            "replication_configuration": [],
            "request_payer": "BucketOwner",
            "server_side_encryption_configuration": [],
            "tags": {},
            "tags_all": {
              "Environment": "sdlc-aws",
              "Service": "infrastructure"
            },
            "versioning": [
              {
                "enabled": true,
                "mfa_delete": false
              }
            ],
            "website": [],
            "website_domain": null,
            "website_endpoint": null
          },
          "sensitive_attributes": [],
          "private": "bnVsbA=="
        }
      ]
    },
    {
      "mode": "managed",
      "type": "aws_secretsmanager_secret",
      "name": "github_token_stoked_consulting",
      "provider": "provider[\"registry.terraform.io/hashicorp/aws\"]",
      "instances": [
        {
          "schema_version": 0,
          "attributes": {
            "arn": "arn:aws:secretsmanager:us-east-1:883859713095:secret:github-token-stoked-consulting-SuXJEs",
            "description": "",
            "force_overwrite_replica_secret": false,
            "id": "arn:aws:secretsmanager:us-east-1:883859713095:secret:github-token-stoked-consulting-SuXJEs",
            "kms_key_id": "",
            "name": "github-token-stoked-consulting",
            "name_prefix": null,
            "policy": null,
            "recovery_window_in_days": 30,
            "replica": [],
            "rotation_enabled": false,
            "rotation_lambda_arn": "",
            "rotation_rules": [],
            "tags": {},
            "tags_all": {
              "Environment": "sdlc-aws",
              "Service": "infrastructure"
            }
          },
          "sensitive_attributes": [],
          "private": "bnVsbA=="
        }
      ]
    },
    {
      "mode": "managed",
      "type": "aws_secretsmanager_secret_version",
      "name": "github_token",
      "provider": "provider[\"registry.terraform.io/hashicorp/aws\"]",
      "instances": [
        {
          "schema_version": 0,
          "attributes": {
            "arn": "arn:aws:secretsmanager:us-east-1:883859713095:secret:github-token-stoked-consulting-SuXJEs",
            "id": "arn:aws:secretsmanager:us-east-1:883859713095:secret:github-token-stoked-consulting-SuXJEs|8CF20122-2619-4688-AB4E-A3DCE6CB8789",
            "secret_binary": "",
            "secret_id": "arn:aws:secretsmanager:us-east-1:883859713095:secret:github-token-stoked-consulting-SuXJEs",
            "secret_string": "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",
            "version_id": "8CF20122-2619-4688-AB4E-A3DCE6CB8789",
            "version_stages": [
              "AWSCURRENT"
            ]
          },
          "sensitive_attributes": [],
          "private": "bnVsbA==",
          "dependencies": [
            "aws_secretsmanager_secret.github_token_stoked_consulting"
          ]
        }
      ]
    }
  ]
}
